
Microsoft Visual Studio Solution File, Format Version 12.00
# Visual Studio 2012
Project("{FAE04EC0-301F-11D3-BF4B-00C04F79EFBC}") = "Puppy.Monitoring", "Core\Puppy.Monitoring\Puppy.Monitoring.csproj", "{61A85473-6DE5-4BCA-8508-D6395949A297}"
EndProject
Project("{2150E333-8FDC-42A3-9474-1A3956D46DE8}") = "Core", "Core", "{FAD121FF-2115-4BD0-88D8-43D14892F7FA}"
EndProject
Project("{FAE04EC0-301F-11D3-BF4B-00C04F79EFBC}") = "Puppy.Monitoring.Unit.Tests", "Core\Puppy.Monitoring.Unit.Tests\Puppy.Monitoring.Unit.Tests.csproj", "{3F309E00-613C-4E84-B7A8-0CF1E0A2F896}"
EndProject
Project("{2150E333-8FDC-42A3-9474-1A3956D46DE8}") = "Publishers", "Publishers", "{19F4BC97-3764-41FC-9753-DA1A271B163E}"
EndProject
Project("{FAE04EC0-301F-11D3-BF4B-00C04F79EFBC}") = "Puppy.Monitoring.SqlServerPublisher", "Publishers\Puppy.Monitoring.SqlServerPublisher\Puppy.Monitoring.SqlServerPublisher.csproj", "{DB05B342-96F5-4E48-ABBF-CFDEF67B5B51}"
EndProject
Project("{FAE04EC0-301F-11D3-BF4B-00C04F79EFBC}") = "Puppy.Monitoring.SqlServerPublisher.Tests", "Publishers\Puppy.Monitoring.SqlServerPublisher.Tests\Puppy.Monitoring.SqlServerPublisher.Tests.csproj", "{379E2E09-2839-40B4-B563-0831EEE4729A}"
EndProject
Project("{2150E333-8FDC-42A3-9474-1A3956D46DE8}") = "Adapters", "Adapters", "{7FE5E5DE-423D-47C7-B469-40B08FA11BF7}"
EndProject
Project("{2150E333-8FDC-42A3-9474-1A3956D46DE8}") = "SqlServer", "SqlServer", "{63390DE3-8138-4079-A93B-482175FA3709}"
EndProject
Project("{FAE04EC0-301F-11D3-BF4B-00C04F79EFBC}") = "Puppy.Monitoring.Contrib", "Core\Puppy.Monitoring.Contrib\Puppy.Monitoring.Contrib.csproj", "{3247073C-7833-4A51-835C-BC733012921D}"
EndProject
Project("{FAE04EC0-301F-11D3-BF4B-00C04F79EFBC}") = "Puppy.Monitoring.Contrib.Tests", "Core\Puppy.Monitoring.Contrib.Tests\Puppy.Monitoring.Contrib.Tests.csproj", "{5498824D-4657-4311-AC16-5A8CA430B9ED}"
EndProject
Project("{FAE04EC0-301F-11D3-BF4B-00C04F79EFBC}") = "Puppy.Monitoring.DucksboardPublisher", "Puppy.Monitoring.DucksboardPublisher\Puppy.Monitoring.DucksboardPublisher.csproj", "{BDC1C21E-CA81-4698-9381-FFA0471E1B3E}"
EndProject
Project("{2150E333-8FDC-42A3-9474-1A3956D46DE8}") = "Ducksboard", "Ducksboard", "{6A47A562-BDE3-4FEB-83E2-F1CFA7F63EED}"
EndProject
Project("{FAE04EC0-301F-11D3-BF4B-00C04F79EFBC}") = "Puppy.Monitoring.DucksboardPublisher.Tests", "Puppy.Monitoring.DucksboardPublisher.Tests\Puppy.Monitoring.DucksboardPublisher.Tests.csproj", "{5D8D2BAC-14CA-4911-9FE1-B1FBDE0D7CD2}"
EndProject
Global
	GlobalSection(SolutionConfigurationPlatforms) = preSolution
		Debug|Any CPU = Debug|Any CPU
		Release|Any CPU = Release|Any CPU
	EndGlobalSection
	GlobalSection(ProjectConfigurationPlatforms) = postSolution
		{61A85473-6DE5-4BCA-8508-D6395949A297}.Debug|Any CPU.ActiveCfg = Debug|Any CPU
		{61A85473-6DE5-4BCA-8508-D6395949A297}.Debug|Any CPU.Build.0 = Debug|Any CPU
		{61A85473-6DE5-4BCA-8508-D6395949A297}.Release|Any CPU.ActiveCfg = Release|Any CPU
		{61A85473-6DE5-4BCA-8508-D6395949A297}.Release|Any CPU.Build.0 = Release|Any CPU
		{3F309E00-613C-4E84-B7A8-0CF1E0A2F896}.Debug|Any CPU.ActiveCfg = Debug|Any CPU
		{3F309E00-613C-4E84-B7A8-0CF1E0A2F896}.Debug|Any CPU.Build.0 = Debug|Any CPU
		{3F309E00-613C-4E84-B7A8-0CF1E0A2F896}.Release|Any CPU.ActiveCfg = Release|Any CPU
		{3F309E00-613C-4E84-B7A8-0CF1E0A2F896}.Release|Any CPU.Build.0 = Release|Any CPU
		{DB05B342-96F5-4E48-ABBF-CFDEF67B5B51}.Debug|Any CPU.ActiveCfg = Debug|Any CPU
		{DB05B342-96F5-4E48-ABBF-CFDEF67B5B51}.Debug|Any CPU.Build.0 = Debug|Any CPU
		{DB05B342-96F5-4E48-ABBF-CFDEF67B5B51}.Release|Any CPU.ActiveCfg = Release|Any CPU
		{DB05B342-96F5-4E48-ABBF-CFDEF67B5B51}.Release|Any CPU.Build.0 = Release|Any CPU
		{379E2E09-2839-40B4-B563-0831EEE4729A}.Debug|Any CPU.ActiveCfg = Debug|Any CPU
		{379E2E09-2839-40B4-B563-0831EEE4729A}.Debug|Any CPU.Build.0 = Debug|Any CPU
		{379E2E09-2839-40B4-B563-0831EEE4729A}.Release|Any CPU.ActiveCfg = Release|Any CPU
		{379E2E09-2839-40B4-B563-0831EEE4729A}.Release|Any CPU.Build.0 = Release|Any CPU
		{3247073C-7833-4A51-835C-BC733012921D}.Debug|Any CPU.ActiveCfg = Debug|Any CPU
		{3247073C-7833-4A51-835C-BC733012921D}.Debug|Any CPU.Build.0 = Debug|Any CPU
		{3247073C-7833-4A51-835C-BC733012921D}.Release|Any CPU.ActiveCfg = Release|Any CPU
		{3247073C-7833-4A51-835C-BC733012921D}.Release|Any CPU.Build.0 = Release|Any CPU
		{5498824D-4657-4311-AC16-5A8CA430B9ED}.Debug|Any CPU.ActiveCfg = Debug|Any CPU
		{5498824D-4657-4311-AC16-5A8CA430B9ED}.Debug|Any CPU.Build.0 = Debug|Any CPU
		{5498824D-4657-4311-AC16-5A8CA430B9ED}.Release|Any CPU.ActiveCfg = Release|Any CPU
		{5498824D-4657-4311-AC16-5A8CA430B9ED}.Release|Any CPU.Build.0 = Release|Any CPU
		{BDC1C21E-CA81-4698-9381-FFA0471E1B3E}.Debug|Any CPU.ActiveCfg = Debug|Any CPU
		{BDC1C21E-CA81-4698-9381-FFA0471E1B3E}.Debug|Any CPU.Build.0 = Debug|Any CPU
		{BDC1C21E-CA81-4698-9381-FFA0471E1B3E}.Release|Any CPU.ActiveCfg = Release|Any CPU
		{BDC1C21E-CA81-4698-9381-FFA0471E1B3E}.Release|Any CPU.Build.0 = Release|Any CPU
		{5D8D2BAC-14CA-4911-9FE1-B1FBDE0D7CD2}.Debug|Any CPU.ActiveCfg = Debug|Any CPU
		{5D8D2BAC-14CA-4911-9FE1-B1FBDE0D7CD2}.Debug|Any CPU.Build.0 = Debug|Any CPU
		{5D8D2BAC-14CA-4911-9FE1-B1FBDE0D7CD2}.Release|Any CPU.ActiveCfg = Release|Any CPU
		{5D8D2BAC-14CA-4911-9FE1-B1FBDE0D7CD2}.Release|Any CPU.Build.0 = Release|Any CPU
	EndGlobalSection
	GlobalSection(SolutionProperties) = preSolution
		HideSolutionNode = FALSE
	EndGlobalSection
	GlobalSection(NestedProjects) = preSolution
		{61A85473-6DE5-4BCA-8508-D6395949A297} = {FAD121FF-2115-4BD0-88D8-43D14892F7FA}
		{3F309E00-613C-4E84-B7A8-0CF1E0A2F896} = {FAD121FF-2115-4BD0-88D8-43D14892F7FA}
		{3247073C-7833-4A51-835C-BC733012921D} = {FAD121FF-2115-4BD0-88D8-43D14892F7FA}
		{5498824D-4657-4311-AC16-5A8CA430B9ED} = {FAD121FF-2115-4BD0-88D8-43D14892F7FA}
		{63390DE3-8138-4079-A93B-482175FA3709} = {19F4BC97-3764-41FC-9753-DA1A271B163E}
		{6A47A562-BDE3-4FEB-83E2-F1CFA7F63EED} = {19F4BC97-3764-41FC-9753-DA1A271B163E}
		{379E2E09-2839-40B4-B563-0831EEE4729A} = {63390DE3-8138-4079-A93B-482175FA3709}
		{DB05B342-96F5-4E48-ABBF-CFDEF67B5B51} = {63390DE3-8138-4079-A93B-482175FA3709}
		{BDC1C21E-CA81-4698-9381-FFA0471E1B3E} = {6A47A562-BDE3-4FEB-83E2-F1CFA7F63EED}
		{5D8D2BAC-14CA-4911-9FE1-B1FBDE0D7CD2} = {6A47A562-BDE3-4FEB-83E2-F1CFA7F63EED}
	EndGlobalSection
EndGlobal
